
Microsoft Visual Studio Solution File, Format Version 12.00
# Visual Studio Version 16
VisualStudioVersion = 16.0.30523.141
MinimumVisualStudioVersion = 10.0.40219.1
Project("{8BC9CEB8-8B4A-11D0-8D11-00A0C91BC942}") = "Lab_2.1", "Lab_2.1\Lab_2.1.vcxproj", "{A0690FF5-C3CC-4C08-8FCF-6298604D9B02}"
EndProject
Global
	GlobalSection(SolutionConfigurationPlatforms) = preSolution
		Debug|x64 = Debug|x64
		Debug|x86 = Debug|x86
		Release|x64 = Release|x64
		Release|x86 = Release|x86
	EndGlobalSection
	GlobalSection(ProjectConfigurationPlatforms) = postSolution
		{A0690FF5-C3CC-4C08-8FCF-6298604D9B02}.Debug|x64.ActiveCfg = Debug|x64
		{A0690FF5-C3CC-4C08-8FCF-6298604D9B02}.Debug|x64.Build.0 = Debug|x64
		{A0690FF5-C3CC-4C08-8FCF-6298604D9B02}.Debug|x86.ActiveCfg = Debug|Win32
		{A0690FF5-C3CC-4C08-8FCF-6298604D9B02}.Debug|x86.Build.0 = Debug|Win32
		{A0690FF5-C3CC-4C08-8FCF-6298604D9B02}.Release|x64.ActiveCfg = Release|x64
		{A0690FF5-C3CC-4C08-8FCF-6298604D9B02}.Release|x64.Build.0 = Release|x64
		{A0690FF5-C3CC-4C08-8FCF-6298604D9B02}.Release|x86.ActiveCfg = Release|Win32
		{A0690FF5-C3CC-4C08-8FCF-6298604D9B02}.Release|x86.Build.0 = Release|Win32
	EndGlobalSection
	GlobalSection(SolutionProperties) = preSolution
		HideSolutionNode = FALSE
	EndGlobalSection
	GlobalSection(ExtensibilityGlobals) = postSolution
		SolutionGuid = {A09957AE-84F3-4197-9E01-38CADA38DF7C}
	EndGlobalSection
EndGlobal
